
Microsoft Visual Studio Solution File, Format Version 12.00
# Visual Studio Version 17
VisualStudioVersion = 17.3.32922.545
MinimumVisualStudioVersion = 10.0.40219.1
Project("{9A19103F-16F7-4668-BE54-9A1E7A4F7556}") = "GetStreet", "GetStreet\GetStreet.csproj", "{3F16B0FE-274A-4A3B-9F3B-6A42BE791675}"
EndProject
Project("{9A19103F-16F7-4668-BE54-9A1E7A4F7556}") = "ServerConsole", "ServerConsole\ServerConsole.csproj", "{93569C42-1979-41DB-B5A5-F913788D6338}"
EndProject
Project("{9A19103F-16F7-4668-BE54-9A1E7A4F7556}") = "Lib", "Lib\Lib.csproj", "{DE7BFD61-6B31-44DB-921D-A14157BF4B78}"
EndProject
Project("{9A19103F-16F7-4668-BE54-9A1E7A4F7556}") = "DBLoad", "DBLoad\DBLoad.csproj", "{5EB37885-ACD1-4FD9-9E15-0DBA2FDDB0F3}"
EndProject
Project("{2150E333-8FDC-42A3-9474-1A3956D46DE8}") = "Screen", "Screen", "{546EB2CA-EC5D-4281-A3B6-44609E5DCD8E}"
	ProjectSection(SolutionItems) = preProject
		C:\Users\Admin\Desktop\HW_Auth\Screenshot_1.png = C:\Users\Admin\Desktop\HW_Auth\Screenshot_1.png
		C:\Users\Admin\Desktop\HW_Auth\Screenshot_2.png = C:\Users\Admin\Desktop\HW_Auth\Screenshot_2.png
		C:\Users\Admin\Desktop\HW_Auth\Screenshot_3.png = C:\Users\Admin\Desktop\HW_Auth\Screenshot_3.png
		C:\Users\Admin\Desktop\HW_Auth\Screenshot_4.png = C:\Users\Admin\Desktop\HW_Auth\Screenshot_4.png
		C:\Users\Admin\Desktop\HW_Auth\Screenshot_5.png = C:\Users\Admin\Desktop\HW_Auth\Screenshot_5.png
	EndProjectSection
EndProject
Global
	GlobalSection(SolutionConfigurationPlatforms) = preSolution
		Debug|Any CPU = Debug|Any CPU
		Release|Any CPU = Release|Any CPU
	EndGlobalSection
	GlobalSection(ProjectConfigurationPlatforms) = postSolution
		{3F16B0FE-274A-4A3B-9F3B-6A42BE791675}.Debug|Any CPU.ActiveCfg = Debug|Any CPU
		{3F16B0FE-274A-4A3B-9F3B-6A42BE791675}.Debug|Any CPU.Build.0 = Debug|Any CPU
		{3F16B0FE-274A-4A3B-9F3B-6A42BE791675}.Release|Any CPU.ActiveCfg = Release|Any CPU
		{3F16B0FE-274A-4A3B-9F3B-6A42BE791675}.Release|Any CPU.Build.0 = Release|Any CPU
		{93569C42-1979-41DB-B5A5-F913788D6338}.Debug|Any CPU.ActiveCfg = Debug|Any CPU
		{93569C42-1979-41DB-B5A5-F913788D6338}.Debug|Any CPU.Build.0 = Debug|Any CPU
		{93569C42-1979-41DB-B5A5-F913788D6338}.Release|Any CPU.ActiveCfg = Release|Any CPU
		{93569C42-1979-41DB-B5A5-F913788D6338}.Release|Any CPU.Build.0 = Release|Any CPU
		{DE7BFD61-6B31-44DB-921D-A14157BF4B78}.Debug|Any CPU.ActiveCfg = Debug|Any CPU
		{DE7BFD61-6B31-44DB-921D-A14157BF4B78}.Debug|Any CPU.Build.0 = Debug|Any CPU
		{DE7BFD61-6B31-44DB-921D-A14157BF4B78}.Release|Any CPU.ActiveCfg = Release|Any CPU
		{DE7BFD61-6B31-44DB-921D-A14157BF4B78}.Release|Any CPU.Build.0 = Release|Any CPU
		{5EB37885-ACD1-4FD9-9E15-0DBA2FDDB0F3}.Debug|Any CPU.ActiveCfg = Debug|Any CPU
		{5EB37885-ACD1-4FD9-9E15-0DBA2FDDB0F3}.Debug|Any CPU.Build.0 = Debug|Any CPU
		{5EB37885-ACD1-4FD9-9E15-0DBA2FDDB0F3}.Release|Any CPU.ActiveCfg = Release|Any CPU
		{5EB37885-ACD1-4FD9-9E15-0DBA2FDDB0F3}.Release|Any CPU.Build.0 = Release|Any CPU
	EndGlobalSection
	GlobalSection(SolutionProperties) = preSolution
		HideSolutionNode = FALSE
	EndGlobalSection
	GlobalSection(ExtensibilityGlobals) = postSolution
		SolutionGuid = {F3A97DE5-9AA6-4035-B56D-751808CAF142}
	EndGlobalSection
EndGlobal
